
Microsoft Visual Studio Solution File, Format Version 12.00
# Visual Studio Version 16
VisualStudioVersion = 16.0.28809.33
MinimumVisualStudioVersion = 10.0.40219.1
Project("{9A19103F-16F7-4668-BE54-9A1E7A4F7556}") = "Buddah", "Buddah\Buddah.csproj", "{9281ACD3-9464-46C4-AC9E-D19FA89520AA}"
EndProject
Project("{FAE04EC0-301F-11D3-BF4B-00C04F79EFBC}") = "TestingApp", "TestingApp\TestingApp.csproj", "{A1390864-36F2-4040-A85C-F3E4B321BCA6}"
EndProject
Global
	GlobalSection(SolutionConfigurationPlatforms) = preSolution
		Debug|Any CPU = Debug|Any CPU
		Debug|x64 = Debug|x64
		Release|Any CPU = Release|Any CPU
		Release|x64 = Release|x64
	EndGlobalSection
	GlobalSection(ProjectConfigurationPlatforms) = postSolution
		{9281ACD3-9464-46C4-AC9E-D19FA89520AA}.Debug|Any CPU.ActiveCfg = Debug|Any CPU
		{9281ACD3-9464-46C4-AC9E-D19FA89520AA}.Debug|Any CPU.Build.0 = Debug|Any CPU
		{9281ACD3-9464-46C4-AC9E-D19FA89520AA}.Debug|x64.ActiveCfg = Debug|Any CPU
		{9281ACD3-9464-46C4-AC9E-D19FA89520AA}.Debug|x64.Build.0 = Debug|Any CPU
		{9281ACD3-9464-46C4-AC9E-D19FA89520AA}.Release|Any CPU.ActiveCfg = Release|Any CPU
		{9281ACD3-9464-46C4-AC9E-D19FA89520AA}.Release|Any CPU.Build.0 = Release|Any CPU
		{9281ACD3-9464-46C4-AC9E-D19FA89520AA}.Release|x64.ActiveCfg = Release|Any CPU
		{9281ACD3-9464-46C4-AC9E-D19FA89520AA}.Release|x64.Build.0 = Release|Any CPU
		{A1390864-36F2-4040-A85C-F3E4B321BCA6}.Debug|Any CPU.ActiveCfg = Debug|Any CPU
		{A1390864-36F2-4040-A85C-F3E4B321BCA6}.Debug|Any CPU.Build.0 = Debug|Any CPU
		{A1390864-36F2-4040-A85C-F3E4B321BCA6}.Debug|x64.ActiveCfg = Debug|Any CPU
		{A1390864-36F2-4040-A85C-F3E4B321BCA6}.Debug|x64.Build.0 = Debug|Any CPU
		{A1390864-36F2-4040-A85C-F3E4B321BCA6}.Release|Any CPU.ActiveCfg = Release|Any CPU
		{A1390864-36F2-4040-A85C-F3E4B321BCA6}.Release|Any CPU.Build.0 = Release|Any CPU
		{A1390864-36F2-4040-A85C-F3E4B321BCA6}.Release|x64.ActiveCfg = Release|Any CPU
		{A1390864-36F2-4040-A85C-F3E4B321BCA6}.Release|x64.Build.0 = Release|Any CPU
	EndGlobalSection
	GlobalSection(SolutionProperties) = preSolution
		HideSolutionNode = FALSE
	EndGlobalSection
	GlobalSection(ExtensibilityGlobals) = postSolution
		SolutionGuid = {4E182FF2-F0D6-4045-AD3D-C492E56EBA28}
	EndGlobalSection
EndGlobal
